<Solution>
  <Folder Name="/src/">
    <Project Path="src/Demo.Api/Demo.Api.csproj" />
    <Project Path="src/Demo.Benchmarks/Demo.Benchmarks.csproj" />
    <Project Path="src/Demo.Logging/Demo.Logging.csproj" />
  </Folder>
  <Folder Name="/tests/">
    <Project Path="tests/Demo.Logging.Tests/Demo.Logging.Tests.csproj" />
  </Folder>
</Solution>
